// !$*UTF8*$!
{
	archiveVersion = 1;
	classes = {
	};
	objectVersion = 51;
	objects = {

/* Begin PBXBuildFile section */
		65322F6D591CD2DF18FBB9FF /* Pods_StanwoodiOSAssignmentTests.framework in Frameworks */ = {isa = PBXBuildFile; fileRef = CA5F28DE57B9B65D60C0EAD1 /* Pods_StanwoodiOSAssignmentTests.framework */; };
		7A12B3999105220A5B02B585 /* Pods_StanwoodiOSAssignment.framework in Frameworks */ = {isa = PBXBuildFile; fileRef = 650699B4D28B5B509B3FBEF4 /* Pods_StanwoodiOSAssignment.framework */; };
		B4A564EF251B5485001DD736 /* AppDelegate.swift in Sources */ = {isa = PBXBuildFile; fileRef = B4A564EE251B5485001DD736 /* AppDelegate.swift */; };
		B4A564F6251B5485001DD736 /* Main.storyboard in Resources */ = {isa = PBXBuildFile; fileRef = B4A564F4251B5485001DD736 /* Main.storyboard */; };
		B4A564F8251B5487001DD736 /* Assets.xcassets in Resources */ = {isa = PBXBuildFile; fileRef = B4A564F7251B5487001DD736 /* Assets.xcassets */; };
		B4A564FB251B5487001DD736 /* LaunchScreen.storyboard in Resources */ = {isa = PBXBuildFile; fileRef = B4A564F9251B5487001DD736 /* LaunchScreen.storyboard */; };
		B4A56506251B5487001DD736 /* StanwoodiOSAssignmentTests.swift in Sources */ = {isa = PBXBuildFile; fileRef = B4A56505251B5487001DD736 /* StanwoodiOSAssignmentTests.swift */; };
		B4A56511251B5487001DD736 /* StanwoodiOSAssignmentUITests.swift in Sources */ = {isa = PBXBuildFile; fileRef = B4A56510251B5487001DD736 /* StanwoodiOSAssignmentUITests.swift */; };
		B4A5652C251B805A001DD736 /* BaseInfoTableViewCell.swift in Sources */ = {isa = PBXBuildFile; fileRef = B4A5652B251B805A001DD736 /* BaseInfoTableViewCell.swift */; };
		B4A56552251B8893001DD736 /* SceneDelegate.swift in Sources */ = {isa = PBXBuildFile; fileRef = B4A56551251B8893001DD736 /* SceneDelegate.swift */; };
		B4A5655E251BD0FE001DD736 /* RepositoriesViewController.swift in Sources */ = {isa = PBXBuildFile; fileRef = B4A5655A251BD0FE001DD736 /* RepositoriesViewController.swift */; };
		B4A56570251BDFA9001DD736 /* RepositoriesModel.swift in Sources */ = {isa = PBXBuildFile; fileRef = B4A5656F251BDFA9001DD736 /* RepositoriesModel.swift */; };
		B4A56575251BE318001DD736 /* TrendingRepositoriesService.swift in Sources */ = {isa = PBXBuildFile; fileRef = B4A56574251BE318001DD736 /* TrendingRepositoriesService.swift */; };
		B4A56584251BF402001DD736 /* RepositoriesPresenter.swift in Sources */ = {isa = PBXBuildFile; fileRef = B4A56583251BF402001DD736 /* RepositoriesPresenter.swift */; };
		B4A56597251CA3B0001DD736 /* FavouritesViewController.swift in Sources */ = {isa = PBXBuildFile; fileRef = B4A56596251CA3B0001DD736 /* FavouritesViewController.swift */; };
		B4A5659C251CA3BC001DD736 /* FavouritesPresenter.swift in Sources */ = {isa = PBXBuildFile; fileRef = B4A5659B251CA3BC001DD736 /* FavouritesPresenter.swift */; };
		B4A565CB251CAE16001DD736 /* DatabaseManager.swift in Sources */ = {isa = PBXBuildFile; fileRef = B4A565CA251CAE16001DD736 /* DatabaseManager.swift */; };
		B4A565FC251CB227001DD736 /* RepoItemDBModel.swift in Sources */ = {isa = PBXBuildFile; fileRef = B4A565FB251CB227001DD736 /* RepoItemDBModel.swift */; };
		B4A5661A251CF9B0001DD736 /* UITableView+Extension.swift in Sources */ = {isa = PBXBuildFile; fileRef = B4A56619251CF9B0001DD736 /* UITableView+Extension.swift */; };
		B4A5661F251D0708001DD736 /* DetailsViewController.swift in Sources */ = {isa = PBXBuildFile; fileRef = B4A5661E251D0708001DD736 /* DetailsViewController.swift */; };
		B4A56624251D0998001DD736 /* DetailsPresenter.swift in Sources */ = {isa = PBXBuildFile; fileRef = B4A56623251D0998001DD736 /* DetailsPresenter.swift */; };
		CB3C5DCBB13E944C81428A57 /* Pods_StanwoodiOSAssignment_StanwoodiOSAssignmentUITests.framework in Frameworks */ = {isa = PBXBuildFile; fileRef = 44150E58379CD1DDCDDF9E79 /* Pods_StanwoodiOSAssignment_StanwoodiOSAssignmentUITests.framework */; };
/* End PBXBuildFile section */

/* Begin PBXContainerItemProxy section */
		B4A56502251B5487001DD736 /* PBXContainerItemProxy */ = {
			isa = PBXContainerItemProxy;
			containerPortal = B4A564E3251B5485001DD736 /* Project object */;
			proxyType = 1;
			remoteGlobalIDString = B4A564EA251B5485001DD736;
			remoteInfo = StanwoodiOSAssignment;
		};
		B4A5650D251B5487001DD736 /* PBXContainerItemProxy */ = {
			isa = PBXContainerItemProxy;
			containerPortal = B4A564E3251B5485001DD736 /* Project object */;
			proxyType = 1;
			remoteGlobalIDString = B4A564EA251B5485001DD736;
			remoteInfo = StanwoodiOSAssignment;
		};
/* End PBXContainerItemProxy section */

/* Begin PBXFileReference section */
		0EFC77E49C6FDED9BF5B0C25 /* Pods-StanwoodiOSAssignment.release.xcconfig */ = {isa = PBXFileReference; includeInIndex = 1; lastKnownFileType = text.xcconfig; name = "Pods-StanwoodiOSAssignment.release.xcconfig"; path = "Target Support Files/Pods-StanwoodiOSAssignment/Pods-StanwoodiOSAssignment.release.xcconfig"; sourceTree = "<group>"; };
		27A8F50DFCCDB28268AE07C7 /* Pods-StanwoodiOSAssignment.debug.xcconfig */ = {isa = PBXFileReference; includeInIndex = 1; lastKnownFileType = text.xcconfig; name = "Pods-StanwoodiOSAssignment.debug.xcconfig"; path = "Target Support Files/Pods-StanwoodiOSAssignment/Pods-StanwoodiOSAssignment.debug.xcconfig"; sourceTree = "<group>"; };
		3147DDD0436760AEAC5F80BE /* Pods-StanwoodiOSAssignmentTests.debug.xcconfig */ = {isa = PBXFileReference; includeInIndex = 1; lastKnownFileType = text.xcconfig; name = "Pods-StanwoodiOSAssignmentTests.debug.xcconfig"; path = "Target Support Files/Pods-StanwoodiOSAssignmentTests/Pods-StanwoodiOSAssignmentTests.debug.xcconfig"; sourceTree = "<group>"; };
		41BB7E925B6E169D7E275BA2 /* Pods-StanwoodiOSAssignmentTests.release.xcconfig */ = {isa = PBXFileReference; includeInIndex = 1; lastKnownFileType = text.xcconfig; name = "Pods-StanwoodiOSAssignmentTests.release.xcconfig"; path = "Target Support Files/Pods-StanwoodiOSAssignmentTests/Pods-StanwoodiOSAssignmentTests.release.xcconfig"; sourceTree = "<group>"; };
		44150E58379CD1DDCDDF9E79 /* Pods_StanwoodiOSAssignment_StanwoodiOSAssignmentUITests.framework */ = {isa = PBXFileReference; explicitFileType = wrapper.framework; includeInIndex = 0; path = Pods_StanwoodiOSAssignment_StanwoodiOSAssignmentUITests.framework; sourceTree = BUILT_PRODUCTS_DIR; };
		650699B4D28B5B509B3FBEF4 /* Pods_StanwoodiOSAssignment.framework */ = {isa = PBXFileReference; explicitFileType = wrapper.framework; includeInIndex = 0; path = Pods_StanwoodiOSAssignment.framework; sourceTree = BUILT_PRODUCTS_DIR; };
		826B4033D8F3071BBE2B4DA9 /* Pods-StanwoodiOSAssignment-StanwoodiOSAssignmentUITests.debug.xcconfig */ = {isa = PBXFileReference; includeInIndex = 1; lastKnownFileType = text.xcconfig; name = "Pods-StanwoodiOSAssignment-StanwoodiOSAssignmentUITests.debug.xcconfig"; path = "Target Support Files/Pods-StanwoodiOSAssignment-StanwoodiOSAssignmentUITests/Pods-StanwoodiOSAssignment-StanwoodiOSAssignmentUITests.debug.xcconfig"; sourceTree = "<group>"; };
		B4A564EB251B5485001DD736 /* StanwoodiOSAssignment.app */ = {isa = PBXFileReference; explicitFileType = wrapper.application; includeInIndex = 0; path = StanwoodiOSAssignment.app; sourceTree = BUILT_PRODUCTS_DIR; };
		B4A564EE251B5485001DD736 /* AppDelegate.swift */ = {isa = PBXFileReference; lastKnownFileType = sourcecode.swift; path = AppDelegate.swift; sourceTree = "<group>"; };
		B4A564F5251B5485001DD736 /* Base */ = {isa = PBXFileReference; lastKnownFileType = file.storyboard; name = Base; path = Base.lproj/Main.storyboard; sourceTree = "<group>"; };
		B4A564F7251B5487001DD736 /* Assets.xcassets */ = {isa = PBXFileReference; lastKnownFileType = folder.assetcatalog; path = Assets.xcassets; sourceTree = "<group>"; };
		B4A564FA251B5487001DD736 /* Base */ = {isa = PBXFileReference; lastKnownFileType = file.storyboard; name = Base; path = Base.lproj/LaunchScreen.storyboard; sourceTree = "<group>"; };
		B4A564FC251B5487001DD736 /* Info.plist */ = {isa = PBXFileReference; lastKnownFileType = text.plist.xml; path = Info.plist; sourceTree = "<group>"; };
		B4A56501251B5487001DD736 /* StanwoodiOSAssignmentTests.xctest */ = {isa = PBXFileReference; explicitFileType = wrapper.cfbundle; includeInIndex = 0; path = StanwoodiOSAssignmentTests.xctest; sourceTree = BUILT_PRODUCTS_DIR; };
		B4A56505251B5487001DD736 /* StanwoodiOSAssignmentTests.swift */ = {isa = PBXFileReference; lastKnownFileType = sourcecode.swift; path = StanwoodiOSAssignmentTests.swift; sourceTree = "<group>"; };
		B4A56507251B5487001DD736 /* Info.plist */ = {isa = PBXFileReference; lastKnownFileType = text.plist.xml; path = Info.plist; sourceTree = "<group>"; };
		B4A5650C251B5487001DD736 /* StanwoodiOSAssignmentUITests.xctest */ = {isa = PBXFileReference; explicitFileType = wrapper.cfbundle; includeInIndex = 0; path = StanwoodiOSAssignmentUITests.xctest; sourceTree = BUILT_PRODUCTS_DIR; };
		B4A56510251B5487001DD736 /* StanwoodiOSAssignmentUITests.swift */ = {isa = PBXFileReference; lastKnownFileType = sourcecode.swift; path = StanwoodiOSAssignmentUITests.swift; sourceTree = "<group>"; };
		B4A56512251B5487001DD736 /* Info.plist */ = {isa = PBXFileReference; lastKnownFileType = text.plist.xml; path = Info.plist; sourceTree = "<group>"; };
		B4A5652B251B805A001DD736 /* BaseInfoTableViewCell.swift */ = {isa = PBXFileReference; lastKnownFileType = sourcecode.swift; path = BaseInfoTableViewCell.swift; sourceTree = "<group>"; };
		B4A56551251B8893001DD736 /* SceneDelegate.swift */ = {isa = PBXFileReference; fileEncoding = 4; lastKnownFileType = sourcecode.swift; path = SceneDelegate.swift; sourceTree = "<group>"; };
		B4A5655A251BD0FE001DD736 /* RepositoriesViewController.swift */ = {isa = PBXFileReference; fileEncoding = 4; lastKnownFileType = sourcecode.swift; path = RepositoriesViewController.swift; sourceTree = "<group>"; };
		B4A5656F251BDFA9001DD736 /* RepositoriesModel.swift */ = {isa = PBXFileReference; lastKnownFileType = sourcecode.swift; path = RepositoriesModel.swift; sourceTree = "<group>"; };
		B4A56574251BE318001DD736 /* TrendingRepositoriesService.swift */ = {isa = PBXFileReference; lastKnownFileType = sourcecode.swift; path = TrendingRepositoriesService.swift; sourceTree = "<group>"; };
		B4A56583251BF402001DD736 /* RepositoriesPresenter.swift */ = {isa = PBXFileReference; lastKnownFileType = sourcecode.swift; path = RepositoriesPresenter.swift; sourceTree = "<group>"; };
		B4A56596251CA3B0001DD736 /* FavouritesViewController.swift */ = {isa = PBXFileReference; lastKnownFileType = sourcecode.swift; path = FavouritesViewController.swift; sourceTree = "<group>"; };
		B4A5659B251CA3BC001DD736 /* FavouritesPresenter.swift */ = {isa = PBXFileReference; lastKnownFileType = sourcecode.swift; path = FavouritesPresenter.swift; sourceTree = "<group>"; };
		B4A565CA251CAE16001DD736 /* DatabaseManager.swift */ = {isa = PBXFileReference; lastKnownFileType = sourcecode.swift; path = DatabaseManager.swift; sourceTree = "<group>"; };
		B4A565FB251CB227001DD736 /* RepoItemDBModel.swift */ = {isa = PBXFileReference; lastKnownFileType = sourcecode.swift; path = RepoItemDBModel.swift; sourceTree = "<group>"; };
		B4A56619251CF9B0001DD736 /* UITableView+Extension.swift */ = {isa = PBXFileReference; lastKnownFileType = sourcecode.swift; path = "UITableView+Extension.swift"; sourceTree = "<group>"; };
		B4A5661E251D0708001DD736 /* DetailsViewController.swift */ = {isa = PBXFileReference; lastKnownFileType = sourcecode.swift; path = DetailsViewController.swift; sourceTree = "<group>"; };
		B4A56623251D0998001DD736 /* DetailsPresenter.swift */ = {isa = PBXFileReference; fileEncoding = 4; lastKnownFileType = sourcecode.swift; path = DetailsPresenter.swift; sourceTree = "<group>"; };
		CA5F28DE57B9B65D60C0EAD1 /* Pods_StanwoodiOSAssignmentTests.framework */ = {isa = PBXFileReference; explicitFileType = wrapper.framework; includeInIndex = 0; path = Pods_StanwoodiOSAssignmentTests.framework; sourceTree = BUILT_PRODUCTS_DIR; };
		D4A60BEEF6E509AD52372EBB /* Pods-StanwoodiOSAssignment-StanwoodiOSAssignmentUITests.release.xcconfig */ = {isa = PBXFileReference; includeInIndex = 1; lastKnownFileType = text.xcconfig; name = "Pods-StanwoodiOSAssignment-StanwoodiOSAssignmentUITests.release.xcconfig"; path = "Target Support Files/Pods-StanwoodiOSAssignment-StanwoodiOSAssignmentUITests/Pods-StanwoodiOSAssignment-StanwoodiOSAssignmentUITests.release.xcconfig"; sourceTree = "<group>"; };
/* End PBXFileReference section */

/* Begin PBXFrameworksBuildPhase section */
		B4A564E8251B5485001DD736 /* Frameworks */ = {
			isa = PBXFrameworksBuildPhase;
			buildActionMask = 2147483647;
			files = (
				7A12B3999105220A5B02B585 /* Pods_StanwoodiOSAssignment.framework in Frameworks */,
			);
			runOnlyForDeploymentPostprocessing = 0;
		};
		B4A564FE251B5487001DD736 /* Frameworks */ = {
			isa = PBXFrameworksBuildPhase;
			buildActionMask = 2147483647;
			files = (
				65322F6D591CD2DF18FBB9FF /* Pods_StanwoodiOSAssignmentTests.framework in Frameworks */,
			);
			runOnlyForDeploymentPostprocessing = 0;
		};
		B4A56509251B5487001DD736 /* Frameworks */ = {
			isa = PBXFrameworksBuildPhase;
			buildActionMask = 2147483647;
			files = (
				CB3C5DCBB13E944C81428A57 /* Pods_StanwoodiOSAssignment_StanwoodiOSAssignmentUITests.framework in Frameworks */,
			);
			runOnlyForDeploymentPostprocessing = 0;
		};
/* End PBXFrameworksBuildPhase section */

/* Begin PBXGroup section */
		8EABE4DAC367F200B0C31FDF /* Pods */ = {
			isa = PBXGroup;
			children = (
				27A8F50DFCCDB28268AE07C7 /* Pods-StanwoodiOSAssignment.debug.xcconfig */,
				0EFC77E49C6FDED9BF5B0C25 /* Pods-StanwoodiOSAssignment.release.xcconfig */,
				826B4033D8F3071BBE2B4DA9 /* Pods-StanwoodiOSAssignment-StanwoodiOSAssignmentUITests.debug.xcconfig */,
				D4A60BEEF6E509AD52372EBB /* Pods-StanwoodiOSAssignment-StanwoodiOSAssignmentUITests.release.xcconfig */,
				3147DDD0436760AEAC5F80BE /* Pods-StanwoodiOSAssignmentTests.debug.xcconfig */,
				41BB7E925B6E169D7E275BA2 /* Pods-StanwoodiOSAssignmentTests.release.xcconfig */,
			);
			path = Pods;
			sourceTree = "<group>";
		};
		B4A564E2251B5485001DD736 = {
			isa = PBXGroup;
			children = (
				B4A564ED251B5485001DD736 /* StanwoodiOSAssignment */,
				B4A56504251B5487001DD736 /* StanwoodiOSAssignmentTests */,
				B4A5650F251B5487001DD736 /* StanwoodiOSAssignmentUITests */,
				B4A564EC251B5485001DD736 /* Products */,
				8EABE4DAC367F200B0C31FDF /* Pods */,
				BBBD76ABE6222430FCF9C176 /* Frameworks */,
			);
			sourceTree = "<group>";
		};
		B4A564EC251B5485001DD736 /* Products */ = {
			isa = PBXGroup;
			children = (
				B4A564EB251B5485001DD736 /* StanwoodiOSAssignment.app */,
				B4A56501251B5487001DD736 /* StanwoodiOSAssignmentTests.xctest */,
				B4A5650C251B5487001DD736 /* StanwoodiOSAssignmentUITests.xctest */,
			);
			name = Products;
			sourceTree = "<group>";
		};
		B4A564ED251B5485001DD736 /* StanwoodiOSAssignment */ = {
			isa = PBXGroup;
			children = (
				B4A56521251B7EA6001DD736 /* Classes */,
				B4A564EE251B5485001DD736 /* AppDelegate.swift */,
				B4A56551251B8893001DD736 /* SceneDelegate.swift */,
				B4A564F4251B5485001DD736 /* Main.storyboard */,
				B4A564F7251B5487001DD736 /* Assets.xcassets */,
				B4A564F9251B5487001DD736 /* LaunchScreen.storyboard */,
				B4A564FC251B5487001DD736 /* Info.plist */,
			);
			path = StanwoodiOSAssignment;
			sourceTree = "<group>";
		};
		B4A56504251B5487001DD736 /* StanwoodiOSAssignmentTests */ = {
			isa = PBXGroup;
			children = (
				B4A56505251B5487001DD736 /* StanwoodiOSAssignmentTests.swift */,
				B4A56507251B5487001DD736 /* Info.plist */,
			);
			path = StanwoodiOSAssignmentTests;
			sourceTree = "<group>";
		};
		B4A5650F251B5487001DD736 /* StanwoodiOSAssignmentUITests */ = {
			isa = PBXGroup;
			children = (
				B4A56510251B5487001DD736 /* StanwoodiOSAssignmentUITests.swift */,
				B4A56512251B5487001DD736 /* Info.plist */,
			);
			path = StanwoodiOSAssignmentUITests;
			sourceTree = "<group>";
		};
		B4A56521251B7EA6001DD736 /* Classes */ = {
			isa = PBXGroup;
			children = (
				B4A5655D251BD0FE001DD736 /* Models */,
				B4A56559251BD0FE001DD736 /* Views */,
				B4A5655B251BD0FE001DD736 /* Presenters */,
				B4A5655C251BD0FE001DD736 /* Services */,
				B4A56600251CD181001DD736 /* Extensions */,
				B4A5652A251B801C001DD736 /* CustomViews */,
			);
			path = Classes;
			sourceTree = "<group>";
		};
		B4A5652A251B801C001DD736 /* CustomViews */ = {
			isa = PBXGroup;
			children = (
				B4A5652B251B805A001DD736 /* BaseInfoTableViewCell.swift */,
			);
			path = CustomViews;
			sourceTree = "<group>";
		};
		B4A56559251BD0FE001DD736 /* Views */ = {
			isa = PBXGroup;
			children = (
				B4A5655A251BD0FE001DD736 /* RepositoriesViewController.swift */,
				B4A5661E251D0708001DD736 /* DetailsViewController.swift */,
				B4A56596251CA3B0001DD736 /* FavouritesViewController.swift */,
			);
			path = Views;
			sourceTree = "<group>";
		};
		B4A5655B251BD0FE001DD736 /* Presenters */ = {
			isa = PBXGroup;
			children = (
				B4A56583251BF402001DD736 /* RepositoriesPresenter.swift */,
				B4A5659B251CA3BC001DD736 /* FavouritesPresenter.swift */,
				B4A56623251D0998001DD736 /* DetailsPresenter.swift */,
			);
			path = Presenters;
			sourceTree = "<group>";
		};
		B4A5655C251BD0FE001DD736 /* Services */ = {
			isa = PBXGroup;
			children = (
				B4A56574251BE318001DD736 /* TrendingRepositoriesService.swift */,
				B4A565CA251CAE16001DD736 /* DatabaseManager.swift */,
			);
			path = Services;
			sourceTree = "<group>";
		};
		B4A5655D251BD0FE001DD736 /* Models */ = {
			isa = PBXGroup;
			children = (
				B4A5656F251BDFA9001DD736 /* RepositoriesModel.swift */,
				B4A565FB251CB227001DD736 /* RepoItemDBModel.swift */,
			);
			path = Models;
			sourceTree = "<group>";
		};
		B4A56600251CD181001DD736 /* Extensions */ = {
			isa = PBXGroup;
			children = (
				B4A56619251CF9B0001DD736 /* UITableView+Extension.swift */,
			);
			path = Extensions;
			sourceTree = "<group>";
		};
		BBBD76ABE6222430FCF9C176 /* Frameworks */ = {
			isa = PBXGroup;
			children = (
				650699B4D28B5B509B3FBEF4 /* Pods_StanwoodiOSAssignment.framework */,
				44150E58379CD1DDCDDF9E79 /* Pods_StanwoodiOSAssignment_StanwoodiOSAssignmentUITests.framework */,
				CA5F28DE57B9B65D60C0EAD1 /* Pods_StanwoodiOSAssignmentTests.framework */,
			);
			name = Frameworks;
			sourceTree = "<group>";
		};
/* End PBXGroup section */

/* Begin PBXNativeTarget section */
		B4A564EA251B5485001DD736 /* StanwoodiOSAssignment */ = {
			isa = PBXNativeTarget;
			buildConfigurationList = B4A56515251B5487001DD736 /* Build configuration list for PBXNativeTarget "StanwoodiOSAssignment" */;
			buildPhases = (
				AD6598420C49EC6743B7538C /* [CP] Check Pods Manifest.lock */,
				B4A564E7251B5485001DD736 /* Sources */,
				B4A564E8251B5485001DD736 /* Frameworks */,
				B4A564E9251B5485001DD736 /* Resources */,
				EADD1750AC22C76F75F64C20 /* [CP] Embed Pods Frameworks */,
			);
			buildRules = (
			);
			dependencies = (
			);
			name = StanwoodiOSAssignment;
			productName = StanwoodiOSAssignment;
			productReference = B4A564EB251B5485001DD736 /* StanwoodiOSAssignment.app */;
			productType = "com.apple.product-type.application";
		};
		B4A56500251B5487001DD736 /* StanwoodiOSAssignmentTests */ = {
			isa = PBXNativeTarget;
			buildConfigurationList = B4A56518251B5487001DD736 /* Build configuration list for PBXNativeTarget "StanwoodiOSAssignmentTests" */;
			buildPhases = (
				835FE8B6A23DC5652E5368B7 /* [CP] Check Pods Manifest.lock */,
				B4A564FD251B5487001DD736 /* Sources */,
				B4A564FE251B5487001DD736 /* Frameworks */,
				B4A564FF251B5487001DD736 /* Resources */,
				53830280757FFA85E26D94BE /* [CP] Embed Pods Frameworks */,
			);
			buildRules = (
			);
			dependencies = (
				B4A56503251B5487001DD736 /* PBXTargetDependency */,
			);
			name = StanwoodiOSAssignmentTests;
			productName = StanwoodiOSAssignmentTests;
			productReference = B4A56501251B5487001DD736 /* StanwoodiOSAssignmentTests.xctest */;
			productType = "com.apple.product-type.bundle.unit-test";
		};
		B4A5650B251B5487001DD736 /* StanwoodiOSAssignmentUITests */ = {
			isa = PBXNativeTarget;
			buildConfigurationList = B4A5651B251B5487001DD736 /* Build configuration list for PBXNativeTarget "StanwoodiOSAssignmentUITests" */;
			buildPhases = (
				6F36B21AA98D05CD33816554 /* [CP] Check Pods Manifest.lock */,
				B4A56508251B5487001DD736 /* Sources */,
				B4A56509251B5487001DD736 /* Frameworks */,
				B4A5650A251B5487001DD736 /* Resources */,
				10C985AD2D4E91D89FFAB27C /* [CP] Embed Pods Frameworks */,
			);
			buildRules = (
			);
			dependencies = (
				B4A5650E251B5487001DD736 /* PBXTargetDependency */,
			);
			name = StanwoodiOSAssignmentUITests;
			productName = StanwoodiOSAssignmentUITests;
			productReference = B4A5650C251B5487001DD736 /* StanwoodiOSAssignmentUITests.xctest */;
			productType = "com.apple.product-type.bundle.ui-testing";
		};
/* End PBXNativeTarget section */

/* Begin PBXProject section */
		B4A564E3251B5485001DD736 /* Project object */ = {
			isa = PBXProject;
			attributes = {
				LastSwiftUpdateCheck = 1200;
				LastUpgradeCheck = 1200;
				TargetAttributes = {
					B4A564EA251B5485001DD736 = {
						CreatedOnToolsVersion = 12.0;
					};
					B4A56500251B5487001DD736 = {
						CreatedOnToolsVersion = 12.0;
						TestTargetID = B4A564EA251B5485001DD736;
					};
					B4A5650B251B5487001DD736 = {
						CreatedOnToolsVersion = 12.0;
						TestTargetID = B4A564EA251B5485001DD736;
					};
				};
			};
			buildConfigurationList = B4A564E6251B5485001DD736 /* Build configuration list for PBXProject "StanwoodiOSAssignment" */;
			compatibilityVersion = "Xcode 9.3";
			developmentRegion = en;
			hasScannedForEncodings = 0;
			knownRegions = (
				en,
				Base,
			);
			mainGroup = B4A564E2251B5485001DD736;
			productRefGroup = B4A564EC251B5485001DD736 /* Products */;
			projectDirPath = "";
			projectRoot = "";
			targets = (
				B4A564EA251B5485001DD736 /* StanwoodiOSAssignment */,
				B4A56500251B5487001DD736 /* StanwoodiOSAssignmentTests */,
				B4A5650B251B5487001DD736 /* StanwoodiOSAssignmentUITests */,
			);
		};
/* End PBXProject section */

/* Begin PBXResourcesBuildPhase section */
		B4A564E9251B5485001DD736 /* Resources */ = {
			isa = PBXResourcesBuildPhase;
			buildActionMask = 2147483647;
			files = (
				B4A564FB251B5487001DD736 /* LaunchScreen.storyboard in Resources */,
				B4A564F8251B5487001DD736 /* Assets.xcassets in Resources */,
				B4A564F6251B5485001DD736 /* Main.storyboard in Resources */,
			);
			runOnlyForDeploymentPostprocessing = 0;
		};
		B4A564FF251B5487001DD736 /* Resources */ = {
			isa = PBXResourcesBuildPhase;
			buildActionMask = 2147483647;
			files = (
			);
			runOnlyForDeploymentPostprocessing = 0;
		};
		B4A5650A251B5487001DD736 /* Resources */ = {
			isa = PBXResourcesBuildPhase;
			buildActionMask = 2147483647;
			files = (
			);
			runOnlyForDeploymentPostprocessing = 0;
		};
/* End PBXResourcesBuildPhase section */

/* Begin PBXShellScriptBuildPhase section */
		10C985AD2D4E91D89FFAB27C /* [CP] Embed Pods Frameworks */ = {
			isa = PBXShellScriptBuildPhase;
			buildActionMask = 2147483647;
			files = (
			);
			inputFileListPaths = (
				"${PODS_ROOT}/Target Support Files/Pods-StanwoodiOSAssignment-StanwoodiOSAssignmentUITests/Pods-StanwoodiOSAssignment-StanwoodiOSAssignmentUITests-frameworks-${CONFIGURATION}-input-files.xcfilelist",
			);
			name = "[CP] Embed Pods Frameworks";
			outputFileListPaths = (
				"${PODS_ROOT}/Target Support Files/Pods-StanwoodiOSAssignment-StanwoodiOSAssignmentUITests/Pods-StanwoodiOSAssignment-StanwoodiOSAssignmentUITests-frameworks-${CONFIGURATION}-output-files.xcfilelist",
			);
			runOnlyForDeploymentPostprocessing = 0;
			shellPath = /bin/sh;
			shellScript = "\"${PODS_ROOT}/Target Support Files/Pods-StanwoodiOSAssignment-StanwoodiOSAssignmentUITests/Pods-StanwoodiOSAssignment-StanwoodiOSAssignmentUITests-frameworks.sh\"\n";
			showEnvVarsInLog = 0;
		};
		53830280757FFA85E26D94BE /* [CP] Embed Pods Frameworks */ = {
			isa = PBXShellScriptBuildPhase;
			buildActionMask = 2147483647;
			files = (
			);
			inputFileListPaths = (
				"${PODS_ROOT}/Target Support Files/Pods-StanwoodiOSAssignmentTests/Pods-StanwoodiOSAssignmentTests-frameworks-${CONFIGURATION}-input-files.xcfilelist",
			);
			name = "[CP] Embed Pods Frameworks";
			outputFileListPaths = (
				"${PODS_ROOT}/Target Support Files/Pods-StanwoodiOSAssignmentTests/Pods-StanwoodiOSAssignmentTests-frameworks-${CONFIGURATION}-output-files.xcfilelist",
			);
			runOnlyForDeploymentPostprocessing = 0;
			shellPath = /bin/sh;
			shellScript = "\"${PODS_ROOT}/Target Support Files/Pods-StanwoodiOSAssignmentTests/Pods-StanwoodiOSAssignmentTests-frameworks.sh\"\n";
			showEnvVarsInLog = 0;
		};
		6F36B21AA98D05CD33816554 /* [CP] Check Pods Manifest.lock */ = {
			isa = PBXShellScriptBuildPhase;
			buildActionMask = 2147483647;
			files = (
			);
			inputFileListPaths = (
			);
			inputPaths = (
				"${PODS_PODFILE_DIR_PATH}/Podfile.lock",
				"${PODS_ROOT}/Manifest.lock",
			);
			name = "[CP] Check Pods Manifest.lock";
			outputFileListPaths = (
			);
			outputPaths = (
				"$(DERIVED_FILE_DIR)/Pods-StanwoodiOSAssignment-StanwoodiOSAssignmentUITests-checkManifestLockResult.txt",
			);
			runOnlyForDeploymentPostprocessing = 0;
			shellPath = /bin/sh;
			shellScript = "diff \"${PODS_PODFILE_DIR_PATH}/Podfile.lock\" \"${PODS_ROOT}/Manifest.lock\" > /dev/null\nif [ $? != 0 ] ; then\n    # print error to STDERR\n    echo \"error: The sandbox is not in sync with the Podfile.lock. Run 'pod install' or update your CocoaPods installation.\" >&2\n    exit 1\nfi\n# This output is used by Xcode 'outputs' to avoid re-running this script phase.\necho \"SUCCESS\" > \"${SCRIPT_OUTPUT_FILE_0}\"\n";
			showEnvVarsInLog = 0;
		};
		835FE8B6A23DC5652E5368B7 /* [CP] Check Pods Manifest.lock */ = {
			isa = PBXShellScriptBuildPhase;
			buildActionMask = 2147483647;
			files = (
			);
			inputFileListPaths = (
			);
			inputPaths = (
				"${PODS_PODFILE_DIR_PATH}/Podfile.lock",
				"${PODS_ROOT}/Manifest.lock",
			);
			name = "[CP] Check Pods Manifest.lock";
			outputFileListPaths = (
			);
			outputPaths = (
				"$(DERIVED_FILE_DIR)/Pods-StanwoodiOSAssignmentTests-checkManifestLockResult.txt",
			);
			runOnlyForDeploymentPostprocessing = 0;
			shellPath = /bin/sh;
			shellScript = "diff \"${PODS_PODFILE_DIR_PATH}/Podfile.lock\" \"${PODS_ROOT}/Manifest.lock\" > /dev/null\nif [ $? != 0 ] ; then\n    # print error to STDERR\n    echo \"error: The sandbox is not in sync with the Podfile.lock. Run 'pod install' or update your CocoaPods installation.\" >&2\n    exit 1\nfi\n# This output is used by Xcode 'outputs' to avoid re-running this script phase.\necho \"SUCCESS\" > \"${SCRIPT_OUTPUT_FILE_0}\"\n";
			showEnvVarsInLog = 0;
		};
		AD6598420C49EC6743B7538C /* [CP] Check Pods Manifest.lock */ = {
			isa = PBXShellScriptBuildPhase;
			buildActionMask = 2147483647;
			files = (
			);
			inputFileListPaths = (
			);
			inputPaths = (
				"${PODS_PODFILE_DIR_PATH}/Podfile.lock",
				"${PODS_ROOT}/Manifest.lock",
			);
			name = "[CP] Check Pods Manifest.lock";
			outputFileListPaths = (
			);
			outputPaths = (
				"$(DERIVED_FILE_DIR)/Pods-StanwoodiOSAssignment-checkManifestLockResult.txt",
			);
			runOnlyForDeploymentPostprocessing = 0;
			shellPath = /bin/sh;
			shellScript = "diff \"${PODS_PODFILE_DIR_PATH}/Podfile.lock\" \"${PODS_ROOT}/Manifest.lock\" > /dev/null\nif [ $? != 0 ] ; then\n    # print error to STDERR\n    echo \"error: The sandbox is not in sync with the Podfile.lock. Run 'pod install' or update your CocoaPods installation.\" >&2\n    exit 1\nfi\n# This output is used by Xcode 'outputs' to avoid re-running this script phase.\necho \"SUCCESS\" > \"${SCRIPT_OUTPUT_FILE_0}\"\n";
			showEnvVarsInLog = 0;
		};
		EADD1750AC22C76F75F64C20 /* [CP] Embed Pods Frameworks */ = {
			isa = PBXShellScriptBuildPhase;
			buildActionMask = 2147483647;
			files = (
			);
			inputFileListPaths = (
				"${PODS_ROOT}/Target Support Files/Pods-StanwoodiOSAssignment/Pods-StanwoodiOSAssignment-frameworks-${CONFIGURATION}-input-files.xcfilelist",
			);
			name = "[CP] Embed Pods Frameworks";
			outputFileListPaths = (
				"${PODS_ROOT}/Target Support Files/Pods-StanwoodiOSAssignment/Pods-StanwoodiOSAssignment-frameworks-${CONFIGURATION}-output-files.xcfilelist",
			);
			runOnlyForDeploymentPostprocessing = 0;
			shellPath = /bin/sh;
			shellScript = "\"${PODS_ROOT}/Target Support Files/Pods-StanwoodiOSAssignment/Pods-StanwoodiOSAssignment-frameworks.sh\"\n";
			showEnvVarsInLog = 0;
		};
/* End PBXShellScriptBuildPhase section */

/* Begin PBXSourcesBuildPhase section */
		B4A564E7251B5485001DD736 /* Sources */ = {
			isa = PBXSourcesBuildPhase;
			buildActionMask = 2147483647;
			files = (
				B4A56597251CA3B0001DD736 /* FavouritesViewController.swift in Sources */,
				B4A56584251BF402001DD736 /* RepositoriesPresenter.swift in Sources */,
				B4A565CB251CAE16001DD736 /* DatabaseManager.swift in Sources */,
				B4A56624251D0998001DD736 /* DetailsPresenter.swift in Sources */,
				B4A5655E251BD0FE001DD736 /* RepositoriesViewController.swift in Sources */,
				B4A5652C251B805A001DD736 /* BaseInfoTableViewCell.swift in Sources */,
				B4A564EF251B5485001DD736 /* AppDelegate.swift in Sources */,
				B4A56570251BDFA9001DD736 /* RepositoriesModel.swift in Sources */,
				B4A56575251BE318001DD736 /* TrendingRepositoriesService.swift in Sources */,
				B4A56552251B8893001DD736 /* SceneDelegate.swift in Sources */,
				B4A5659C251CA3BC001DD736 /* FavouritesPresenter.swift in Sources */,
				B4A565FC251CB227001DD736 /* RepoItemDBModel.swift in Sources */,
				B4A5661F251D0708001DD736 /* DetailsViewController.swift in Sources */,
				B4A5661A251CF9B0001DD736 /* UITableView+Extension.swift in Sources */,
			);
			runOnlyForDeploymentPostprocessing = 0;
		};
		B4A564FD251B5487001DD736 /* Sources */ = {
			isa = PBXSourcesBuildPhase;
			buildActionMask = 2147483647;
			files = (
				B4A56506251B5487001DD736 /* StanwoodiOSAssignmentTests.swift in Sources */,
			);
			runOnlyForDeploymentPostprocessing = 0;
		};
		B4A56508251B5487001DD736 /* Sources */ = {
			isa = PBXSourcesBuildPhase;
			buildActionMask = 2147483647;
			files = (
				B4A56511251B5487001DD736 /* StanwoodiOSAssignmentUITests.swift in Sources */,
			);
			runOnlyForDeploymentPostprocessing = 0;
		};
/* End PBXSourcesBuildPhase section */

/* Begin PBXTargetDependency section */
		B4A56503251B5487001DD736 /* PBXTargetDependency */ = {
			isa = PBXTargetDependency;
			target = B4A564EA251B5485001DD736 /* StanwoodiOSAssignment */;
			targetProxy = B4A56502251B5487001DD736 /* PBXContainerItemProxy */;
		};
		B4A5650E251B5487001DD736 /* PBXTargetDependency */ = {
			isa = PBXTargetDependency;
			target = B4A564EA251B5485001DD736 /* StanwoodiOSAssignment */;
			targetProxy = B4A5650D251B5487001DD736 /* PBXContainerItemProxy */;
		};
/* End PBXTargetDependency section */

/* Begin PBXVariantGroup section */
		B4A564F4251B5485001DD736 /* Main.storyboard */ = {
			isa = PBXVariantGroup;
			children = (
				B4A564F5251B5485001DD736 /* Base */,
			);
			name = Main.storyboard;
			sourceTree = "<group>";
		};
		B4A564F9251B5487001DD736 /* LaunchScreen.storyboard */ = {
			isa = PBXVariantGroup;
			children = (
				B4A564FA251B5487001DD736 /* Base */,
			);
			name = LaunchScreen.storyboard;
			sourceTree = "<group>";
		};
/* End PBXVariantGroup section */

/* Begin XCBuildConfiguration section */
		B4A56513251B5487001DD736 /* Debug */ = {
			isa = XCBuildConfiguration;
			buildSettings = {
				ALWAYS_SEARCH_USER_PATHS = NO;
				CLANG_ANALYZER_NONNULL = YES;
				CLANG_ANALYZER_NUMBER_OBJECT_CONVERSION = YES_AGGRESSIVE;
				CLANG_CXX_LANGUAGE_STANDARD = "gnu++14";
				CLANG_CXX_LIBRARY = "libc++";
				CLANG_ENABLE_MODULES = YES;
				CLANG_ENABLE_OBJC_ARC = YES;
				CLANG_ENABLE_OBJC_WEAK = YES;
				CLANG_WARN_BLOCK_CAPTURE_AUTORELEASING = YES;
				CLANG_WARN_BOOL_CONVERSION = YES;
				CLANG_WARN_COMMA = YES;
				CLANG_WARN_CONSTANT_CONVERSION = YES;
				CLANG_WARN_DEPRECATED_OBJC_IMPLEMENTATIONS = YES;
				CLANG_WARN_DIRECT_OBJC_ISA_USAGE = YES_ERROR;
				CLANG_WARN_DOCUMENTATION_COMMENTS = YES;
				CLANG_WARN_EMPTY_BODY = YES;
				CLANG_WARN_ENUM_CONVERSION = YES;
				CLANG_WARN_INFINITE_RECURSION = YES;
				CLANG_WARN_INT_CONVERSION = YES;
				CLANG_WARN_NON_LITERAL_NULL_CONVERSION = YES;
				CLANG_WARN_OBJC_IMPLICIT_RETAIN_SELF = YES;
				CLANG_WARN_OBJC_LITERAL_CONVERSION = YES;
				CLANG_WARN_OBJC_ROOT_CLASS = YES_ERROR;
				CLANG_WARN_QUOTED_INCLUDE_IN_FRAMEWORK_HEADER = YES;
				CLANG_WARN_RANGE_LOOP_ANALYSIS = YES;
				CLANG_WARN_STRICT_PROTOTYPES = YES;
				CLANG_WARN_SUSPICIOUS_MOVE = YES;
				CLANG_WARN_UNGUARDED_AVAILABILITY = YES_AGGRESSIVE;
				CLANG_WARN_UNREACHABLE_CODE = YES;
				CLANG_WARN__DUPLICATE_METHOD_MATCH = YES;
				COPY_PHASE_STRIP = NO;
				DEBUG_INFORMATION_FORMAT = dwarf;
				ENABLE_STRICT_OBJC_MSGSEND = YES;
				ENABLE_TESTABILITY = YES;
				GCC_C_LANGUAGE_STANDARD = gnu11;
				GCC_DYNAMIC_NO_PIC = NO;
				GCC_NO_COMMON_BLOCKS = YES;
				GCC_OPTIMIZATION_LEVEL = 0;
				GCC_PREPROCESSOR_DEFINITIONS = (
					"DEBUG=1",
					"$(inherited)",
				);
				GCC_WARN_64_TO_32_BIT_CONVERSION = YES;
				GCC_WARN_ABOUT_RETURN_TYPE = YES_ERROR;
				GCC_WARN_UNDECLARED_SELECTOR = YES;
				GCC_WARN_UNINITIALIZED_AUTOS = YES_AGGRESSIVE;
				GCC_WARN_UNUSED_FUNCTION = YES;
				GCC_WARN_UNUSED_VARIABLE = YES;
				IPHONEOS_DEPLOYMENT_TARGET = 13.0;
				MTL_ENABLE_DEBUG_INFO = INCLUDE_SOURCE;
				MTL_FAST_MATH = YES;
				ONLY_ACTIVE_ARCH = YES;
				SDKROOT = iphoneos;
				SWIFT_ACTIVE_COMPILATION_CONDITIONS = DEBUG;
				SWIFT_OPTIMIZATION_LEVEL = "-Onone";
			};
			name = Debug;
		};
		B4A56514251B5487001DD736 /* Release */ = {
			isa = XCBuildConfiguration;
			buildSettings = {
				ALWAYS_SEARCH_USER_PATHS = NO;
				CLANG_ANALYZER_NONNULL = YES;
				CLANG_ANALYZER_NUMBER_OBJECT_CONVERSION = YES_AGGRESSIVE;
				CLANG_CXX_LANGUAGE_STANDARD = "gnu++14";
				CLANG_CXX_LIBRARY = "libc++";
				CLANG_ENABLE_MODULES = YES;
				CLANG_ENABLE_OBJC_ARC = YES;
				CLANG_ENABLE_OBJC_WEAK = YES;
				CLANG_WARN_BLOCK_CAPTURE_AUTORELEASING = YES;
				CLANG_WARN_BOOL_CONVERSION = YES;
				CLANG_WARN_COMMA = YES;
				CLANG_WARN_CONSTANT_CONVERSION = YES;
				CLANG_WARN_DEPRECATED_OBJC_IMPLEMENTATIONS = YES;
				CLANG_WARN_DIRECT_OBJC_ISA_USAGE = YES_ERROR;
				CLANG_WARN_DOCUMENTATION_COMMENTS = YES;
				CLANG_WARN_EMPTY_BODY = YES;
				CLANG_WARN_ENUM_CONVERSION = YES;
				CLANG_WARN_INFINITE_RECURSION = YES;
				CLANG_WARN_INT_CONVERSION = YES;
				CLANG_WARN_NON_LITERAL_NULL_CONVERSION = YES;
				CLANG_WARN_OBJC_IMPLICIT_RETAIN_SELF = YES;
				CLANG_WARN_OBJC_LITERAL_CONVERSION = YES;
				CLANG_WARN_OBJC_ROOT_CLASS = YES_ERROR;
				CLANG_WARN_QUOTED_INCLUDE_IN_FRAMEWORK_HEADER = YES;
				CLANG_WARN_RANGE_LOOP_ANALYSIS = YES;
				CLANG_WARN_STRICT_PROTOTYPES = YES;
				CLANG_WARN_SUSPICIOUS_MOVE = YES;
				CLANG_WARN_UNGUARDED_AVAILABILITY = YES_AGGRESSIVE;
				CLANG_WARN_UNREACHABLE_CODE = YES;
				CLANG_WARN__DUPLICATE_METHOD_MATCH = YES;
				COPY_PHASE_STRIP = NO;
				DEBUG_INFORMATION_FORMAT = "dwarf-with-dsym";
				ENABLE_NS_ASSERTIONS = NO;
				ENABLE_STRICT_OBJC_MSGSEND = YES;
				GCC_C_LANGUAGE_STANDARD = gnu11;
				GCC_NO_COMMON_BLOCKS = YES;
				GCC_WARN_64_TO_32_BIT_CONVERSION = YES;
				GCC_WARN_ABOUT_RETURN_TYPE = YES_ERROR;
				GCC_WARN_UNDECLARED_SELECTOR = YES;
				GCC_WARN_UNINITIALIZED_AUTOS = YES_AGGRESSIVE;
				GCC_WARN_UNUSED_FUNCTION = YES;
				GCC_WARN_UNUSED_VARIABLE = YES;
				IPHONEOS_DEPLOYMENT_TARGET = 13.0;
				MTL_ENABLE_DEBUG_INFO = NO;
				MTL_FAST_MATH = YES;
				SDKROOT = iphoneos;
				SWIFT_COMPILATION_MODE = wholemodule;
				SWIFT_OPTIMIZATION_LEVEL = "-O";
				VALIDATE_PRODUCT = YES;
			};
			name = Release;
		};
		B4A56516251B5487001DD736 /* Debug */ = {
			isa = XCBuildConfiguration;
			baseConfigurationReference = 27A8F50DFCCDB28268AE07C7 /* Pods-StanwoodiOSAssignment.debug.xcconfig */;
			buildSettings = {
				ASSETCATALOG_COMPILER_APPICON_NAME = AppIcon;
				ASSETCATALOG_COMPILER_GLOBAL_ACCENT_COLOR_NAME = AccentColor;
				CODE_SIGN_STYLE = Automatic;
				DEVELOPMENT_TEAM = 72B6WSPMNZ;
				INFOPLIST_FILE = StanwoodiOSAssignment/Info.plist;
				IPHONEOS_DEPLOYMENT_TARGET = 13.0;
				LD_RUNPATH_SEARCH_PATHS = (
					"$(inherited)",
					"@executable_path/Frameworks",
				);
				PRODUCT_BUNDLE_IDENTIFIER = com.voicusimu.StanwoodiOSAssignment;
				PRODUCT_NAME = "$(TARGET_NAME)";
				SWIFT_VERSION = 5.0;
				TARGETED_DEVICE_FAMILY = "1,2";
			};
			name = Debug;
		};
		B4A56517251B5487001DD736 /* Release */ = {
			isa = XCBuildConfiguration;
			baseConfigurationReference = 0EFC77E49C6FDED9BF5B0C25 /* Pods-StanwoodiOSAssignment.release.xcconfig */;
			buildSettings = {
				ASSETCATALOG_COMPILER_APPICON_NAME = AppIcon;
				ASSETCATALOG_COMPILER_GLOBAL_ACCENT_COLOR_NAME = AccentColor;
				CODE_SIGN_STYLE = Automatic;
				DEVELOPMENT_TEAM = 72B6WSPMNZ;
				INFOPLIST_FILE = StanwoodiOSAssignment/Info.plist;
				IPHONEOS_DEPLOYMENT_TARGET = 13.0;
				LD_RUNPATH_SEARCH_PATHS = (
					"$(inherited)",
					"@executable_path/Frameworks",
				);
				PRODUCT_BUNDLE_IDENTIFIER = com.voicusimu.StanwoodiOSAssignment;
				PRODUCT_NAME = "$(TARGET_NAME)";
				SWIFT_VERSION = 5.0;
				TARGETED_DEVICE_FAMILY = "1,2";
			};
			name = Release;
		};
		B4A56519251B5487001DD736 /* Debug */ = {
			isa = XCBuildConfiguration;
			baseConfigurationReference = 3147DDD0436760AEAC5F80BE /* Pods-StanwoodiOSAssignmentTests.debug.xcconfig */;
			buildSettings = {
				ALWAYS_EMBED_SWIFT_STANDARD_LIBRARIES = YES;
				BUNDLE_LOADER = "$(TEST_HOST)";
				CODE_SIGN_STYLE = Automatic;
				DEVELOPMENT_TEAM = 72B6WSPMNZ;
				INFOPLIST_FILE = StanwoodiOSAssignmentTests/Info.plist;
				IPHONEOS_DEPLOYMENT_TARGET = 14.0;
				LD_RUNPATH_SEARCH_PATHS = (
					"$(inherited)",
					"@executable_path/Frameworks",
					"@loader_path/Frameworks",
				);
				PRODUCT_BUNDLE_IDENTIFIER = com.voicusimu.StanwoodiOSAssignmentTests;
				PRODUCT_NAME = "$(TARGET_NAME)";
				SWIFT_VERSION = 5.0;
				TARGETED_DEVICE_FAMILY = "1,2";
				TEST_HOST = "$(BUILT_PRODUCTS_DIR)/StanwoodiOSAssignment.app/StanwoodiOSAssignment";
			};
			name = Debug;
		};
		B4A5651A251B5487001DD736 /* Release */ = {
			isa = XCBuildConfiguration;
			baseConfigurationReference = 41BB7E925B6E169D7E275BA2 /* Pods-StanwoodiOSAssignmentTests.release.xcconfig */;
			buildSettings = {
				ALWAYS_EMBED_SWIFT_STANDARD_LIBRARIES = YES;
				BUNDLE_LOADER = "$(TEST_HOST)";
				CODE_SIGN_STYLE = Automatic;
				DEVELOPMENT_TEAM = 72B6WSPMNZ;
				INFOPLIST_FILE = StanwoodiOSAssignmentTests/Info.plist;
				IPHONEOS_DEPLOYMENT_TARGET = 14.0;
				LD_RUNPATH_SEARCH_PATHS = (
					"$(inherited)",
					"@executable_path/Frameworks",
					"@loader_path/Frameworks",
				);
				PRODUCT_BUNDLE_IDENTIFIER = com.voicusimu.StanwoodiOSAssignmentTests;
				PRODUCT_NAME = "$(TARGET_NAME)";
				SWIFT_VERSION = 5.0;
				TARGETED_DEVICE_FAMILY = "1,2";
				TEST_HOST = "$(BUILT_PRODUCTS_DIR)/StanwoodiOSAssignment.app/StanwoodiOSAssignment";
			};
			name = Release;
		};
		B4A5651C251B5487001DD736 /* Debug */ = {
			isa = XCBuildConfiguration;
			baseConfigurationReference = 826B4033D8F3071BBE2B4DA9 /* Pods-StanwoodiOSAssignment-StanwoodiOSAssignmentUITests.debug.xcconfig */;
			buildSettings = {
				ALWAYS_EMBED_SWIFT_STANDARD_LIBRARIES = YES;
				CODE_SIGN_STYLE = Automatic;
				DEVELOPMENT_TEAM = 72B6WSPMNZ;
				INFOPLIST_FILE = StanwoodiOSAssignmentUITests/Info.plist;
				LD_RUNPATH_SEARCH_PATHS = (
					"$(inherited)",
					"@executable_path/Frameworks",
					"@loader_path/Frameworks",
				);
				PRODUCT_BUNDLE_IDENTIFIER = com.voicusimu.StanwoodiOSAssignmentUITests;
				PRODUCT_NAME = "$(TARGET_NAME)";
				SWIFT_VERSION = 5.0;
				TARGETED_DEVICE_FAMILY = "1,2";
				TEST_TARGET_NAME = StanwoodiOSAssignment;
			};
			name = Debug;
		};
		B4A5651D251B5487001DD736 /* Release */ = {
			isa = XCBuildConfiguration;
			baseConfigurationReference = D4A60BEEF6E509AD52372EBB /* Pods-StanwoodiOSAssignment-StanwoodiOSAssignmentUITests.release.xcconfig */;
			buildSettings = {
				ALWAYS_EMBED_SWIFT_STANDARD_LIBRARIES = YES;
				CODE_SIGN_STYLE = Automatic;
				DEVELOPMENT_TEAM = 72B6WSPMNZ;
				INFOPLIST_FILE = StanwoodiOSAssignmentUITests/Info.plist;
				LD_RUNPATH_SEARCH_PATHS = (
					"$(inherited)",
					"@executable_path/Frameworks",
					"@loader_path/Frameworks",
				);
				PRODUCT_BUNDLE_IDENTIFIER = com.voicusimu.StanwoodiOSAssignmentUITests;
				PRODUCT_NAME = "$(TARGET_NAME)";
				SWIFT_VERSION = 5.0;
				TARGETED_DEVICE_FAMILY = "1,2";
				TEST_TARGET_NAME = StanwoodiOSAssignment;
			};
			name = Release;
		};
/* End XCBuildConfiguration section */

/* Begin XCConfigurationList section */
		B4A564E6251B5485001DD736 /* Build configuration list for PBXProject "StanwoodiOSAssignment" */ = {
			isa = XCConfigurationList;
			buildConfigurations = (
				B4A56513251B5487001DD736 /* Debug */,
				B4A56514251B5487001DD736 /* Release */,
			);
			defaultConfigurationIsVisible = 0;
			defaultConfigurationName = Release;
		};
		B4A56515251B5487001DD736 /* Build configuration list for PBXNativeTarget "StanwoodiOSAssignment" */ = {
			isa = XCConfigurationList;
			buildConfigurations = (
				B4A56516251B5487001DD736 /* Debug */,
				B4A56517251B5487001DD736 /* Release */,
			);
			defaultConfigurationIsVisible = 0;
			defaultConfigurationName = Release;
		};
		B4A56518251B5487001DD736 /* Build configuration list for PBXNativeTarget "StanwoodiOSAssignmentTests" */ = {
			isa = XCConfigurationList;
			buildConfigurations = (
				B4A56519251B5487001DD736 /* Debug */,
				B4A5651A251B5487001DD736 /* Release */,
			);
			defaultConfigurationIsVisible = 0;
			defaultConfigurationName = Release;
		};
		B4A5651B251B5487001DD736 /* Build configuration list for PBXNativeTarget "StanwoodiOSAssignmentUITests" */ = {
			isa = XCConfigurationList;
			buildConfigurations = (
				B4A5651C251B5487001DD736 /* Debug */,
				B4A5651D251B5487001DD736 /* Release */,
			);
			defaultConfigurationIsVisible = 0;
			defaultConfigurationName = Release;
		};
/* End XCConfigurationList section */
	};
	rootObject = B4A564E3251B5485001DD736 /* Project object */;
}
